
Microsoft Visual Studio Solution File, Format Version 12.00
# Visual Studio Version 16
VisualStudioVersion = 16.0.31702.278
MinimumVisualStudioVersion = 10.0.40219.1
Project("{FAE04EC0-301F-11D3-BF4B-00C04F79EFBC}") = "WebAPI", "WebAPI\WebAPI.csproj", "{F5A92299-9F5B-4751-BE26-F27F4CD9F696}"
EndProject
Global
	GlobalSection(SolutionConfigurationPlatforms) = preSolution
		Debug|Any CPU = Debug|Any CPU
		Release|Any CPU = Release|Any CPU
	EndGlobalSection
	GlobalSection(ProjectConfigurationPlatforms) = postSolution
		{F5A92299-9F5B-4751-BE26-F27F4CD9F696}.Debug|Any CPU.ActiveCfg = Debug|Any CPU
		{F5A92299-9F5B-4751-BE26-F27F4CD9F696}.Debug|Any CPU.Build.0 = Debug|Any CPU
		{F5A92299-9F5B-4751-BE26-F27F4CD9F696}.Release|Any CPU.ActiveCfg = Release|Any CPU
		{F5A92299-9F5B-4751-BE26-F27F4CD9F696}.Release|Any CPU.Build.0 = Release|Any CPU
	EndGlobalSection
	GlobalSection(SolutionProperties) = preSolution
		HideSolutionNode = FALSE
	EndGlobalSection
	GlobalSection(ExtensibilityGlobals) = postSolution
		SolutionGuid = {20DFE0AB-E37F-4B85-9B94-F9DDE94E6DD7}
	EndGlobalSection
EndGlobal
